
Microsoft Visual Studio Solution File, Format Version 12.00
# Visual Studio Version 16
VisualStudioVersion = 16.0.29613.14
MinimumVisualStudioVersion = 10.0.40219.1
Project("{FAE04EC0-301F-11D3-BF4B-00C04F79EFBC}") = "TKS Guid Generator", "TKS Guid Generator\TKS Guid Generator.csproj", "{703A5258-97BF-4BA3-A6BA-D21E98E5BE48}"
EndProject
Global
	GlobalSection(SolutionConfigurationPlatforms) = preSolution
		Debug|Any CPU = Debug|Any CPU
		Release|Any CPU = Release|Any CPU
	EndGlobalSection
	GlobalSection(ProjectConfigurationPlatforms) = postSolution
		{703A5258-97BF-4BA3-A6BA-D21E98E5BE48}.Debug|Any CPU.ActiveCfg = Debug|Any CPU
		{703A5258-97BF-4BA3-A6BA-D21E98E5BE48}.Debug|Any CPU.Build.0 = Debug|Any CPU
		{703A5258-97BF-4BA3-A6BA-D21E98E5BE48}.Release|Any CPU.ActiveCfg = Release|Any CPU
		{703A5258-97BF-4BA3-A6BA-D21E98E5BE48}.Release|Any CPU.Build.0 = Release|Any CPU
	EndGlobalSection
	GlobalSection(SolutionProperties) = preSolution
		HideSolutionNode = FALSE
	EndGlobalSection
	GlobalSection(ExtensibilityGlobals) = postSolution
		SolutionGuid = {0A9B9040-3529-4769-9ED1-B8B785A7B1E9}
	EndGlobalSection
EndGlobal
